
Microsoft Visual Studio Solution File, Format Version 12.00
# Visual Studio 15
VisualStudioVersion = 15.0.28307.960
MinimumVisualStudioVersion = 10.0.40219.1
Project("{FAE04EC0-301F-11D3-BF4B-00C04F79EFBC}") = "Command line based game", "Command line based game\Command line based game.csproj", "{0EB10C27-6EA5-4057-AD09-49E584DD41F0}"
EndProject
Global
	GlobalSection(SolutionConfigurationPlatforms) = preSolution
		Debug|Any CPU = Debug|Any CPU
		Release|Any CPU = Release|Any CPU
	EndGlobalSection
	GlobalSection(ProjectConfigurationPlatforms) = postSolution
		{0EB10C27-6EA5-4057-AD09-49E584DD41F0}.Debug|Any CPU.ActiveCfg = Debug|Any CPU
		{0EB10C27-6EA5-4057-AD09-49E584DD41F0}.Debug|Any CPU.Build.0 = Debug|Any CPU
		{0EB10C27-6EA5-4057-AD09-49E584DD41F0}.Release|Any CPU.ActiveCfg = Release|Any CPU
		{0EB10C27-6EA5-4057-AD09-49E584DD41F0}.Release|Any CPU.Build.0 = Release|Any CPU
	EndGlobalSection
	GlobalSection(SolutionProperties) = preSolution
		HideSolutionNode = FALSE
	EndGlobalSection
	GlobalSection(ExtensibilityGlobals) = postSolution
		SolutionGuid = {B4281C3B-08E7-4D0A-9515-C938E6C9072F}
	EndGlobalSection
EndGlobal
